
Microsoft Visual Studio Solution File, Format Version 12.00
# Visual Studio 15
VisualStudioVersion = 15.0.28307.136
MinimumVisualStudioVersion = 10.0.40219.1
Project("{9A19103F-16F7-4668-BE54-9A1E7A4F7556}") = "Grow.Server", "Grow.Server\Grow.Server.csproj", "{98AA31EB-D793-44F7-A03F-1FEF86E9F183}"
EndProject
Project("{9A19103F-16F7-4668-BE54-9A1E7A4F7556}") = "Grow.Data", "Grow.Data\Grow.Data.csproj", "{83F1DEEB-B6FB-44FF-BB4A-41BEF43EFF4E}"
EndProject
Project("{9A19103F-16F7-4668-BE54-9A1E7A4F7556}") = "Grow.Data.Initializer", "Grow.Data.Initializer\Grow.Data.Initializer.csproj", "{EA60D900-B4AD-488C-A412-2404A0946A67}"
EndProject
Global
	GlobalSection(SolutionConfigurationPlatforms) = preSolution
		Debug|Any CPU = Debug|Any CPU
		Release|Any CPU = Release|Any CPU
	EndGlobalSection
	GlobalSection(ProjectConfigurationPlatforms) = postSolution
		{98AA31EB-D793-44F7-A03F-1FEF86E9F183}.Debug|Any CPU.ActiveCfg = Debug|Any CPU
		{98AA31EB-D793-44F7-A03F-1FEF86E9F183}.Debug|Any CPU.Build.0 = Debug|Any CPU
		{98AA31EB-D793-44F7-A03F-1FEF86E9F183}.Release|Any CPU.ActiveCfg = Release|Any CPU
		{98AA31EB-D793-44F7-A03F-1FEF86E9F183}.Release|Any CPU.Build.0 = Release|Any CPU
		{83F1DEEB-B6FB-44FF-BB4A-41BEF43EFF4E}.Debug|Any CPU.ActiveCfg = Debug|Any CPU
		{83F1DEEB-B6FB-44FF-BB4A-41BEF43EFF4E}.Debug|Any CPU.Build.0 = Debug|Any CPU
		{83F1DEEB-B6FB-44FF-BB4A-41BEF43EFF4E}.Release|Any CPU.ActiveCfg = Release|Any CPU
		{83F1DEEB-B6FB-44FF-BB4A-41BEF43EFF4E}.Release|Any CPU.Build.0 = Release|Any CPU
		{EA60D900-B4AD-488C-A412-2404A0946A67}.Debug|Any CPU.ActiveCfg = Debug|Any CPU
		{EA60D900-B4AD-488C-A412-2404A0946A67}.Debug|Any CPU.Build.0 = Debug|Any CPU
		{EA60D900-B4AD-488C-A412-2404A0946A67}.Release|Any CPU.ActiveCfg = Release|Any CPU
		{EA60D900-B4AD-488C-A412-2404A0946A67}.Release|Any CPU.Build.0 = Release|Any CPU
	EndGlobalSection
	GlobalSection(SolutionProperties) = preSolution
		HideSolutionNode = FALSE
	EndGlobalSection
	GlobalSection(ExtensibilityGlobals) = postSolution
		SolutionGuid = {4490CD7A-9C2F-46FF-87A0-AAB61E1BF2F4}
	EndGlobalSection
EndGlobal
